<?xml version="1.0" encoding="utf-8"?>
<Project ToolsVersion="4.0" xmlns="http://schemas.microsoft.com/developer/msbuild/2003">
  <ItemGroup>
    <ClCompile Include="..\Classes\AppDelegate.cpp" />
    <ClCompile Include="main.cpp" />
    <ClCompile Include="..\Classes\Layer\GameCreateLayer.cpp">
      <Filter>Layer</Filter>
    </ClCompile>
    <ClCompile Include="..\Classes\Layer\HallLayer.cpp">
      <Filter>Layer</Filter>
    </ClCompile>
    <ClCompile Include="..\Classes\Layer\SettingLayer.cpp">
      <Filter>Layer</Filter>
    </ClCompile>
    <ClCompile Include="..\Classes\Base\Layer\ESLayer.cpp">
      <Filter>Base\Layer</Filter>
    </ClCompile>
    <ClCompile Include="..\Classes\Common\Global.cpp">
      <Filter>Common</Filter>
    </ClCompile>
    <ClCompile Include="..\Classes\Common\GlobalConst.cpp">
      <Filter>Common</Filter>
    </ClCompile>
  </ItemGroup>
  <ItemGroup>
    <ClInclude Include="..\Classes\AppDelegate.h" />
    <ClInclude Include="main.h" />
    <ClInclude Include="..\Classes\Layer\GameCreateLayer.h">
      <Filter>Layer</Filter>
    </ClInclude>
    <ClInclude Include="..\Classes\Layer\HallLayer.h">
      <Filter>Layer</Filter>
    </ClInclude>
    <ClInclude Include="..\Classes\Layer\SettingLayer.h">
      <Filter>Layer</Filter>
    </ClInclude>
    <ClInclude Include="..\Classes\Base\Layer\ESLayer.h">
      <Filter>Base\Layer</Filter>
    </ClInclude>
    <ClInclude Include="..\Classes\Common\Global.h">
      <Filter>Common</Filter>
    </ClInclude>
    <ClInclude Include="..\Classes\Common\GlobalConst.h">
      <Filter>Common</Filter>
    </ClInclude>
  </ItemGroup>
  <ItemGroup>
    <ResourceCompile Include="game.rc" />
  </ItemGroup>
  <ItemGroup>
    <Filter Include="Common">
      <UniqueIdentifier>{e1407817-105a-40ed-91b1-defd2e459d16}</UniqueIdentifier>
    </Filter>
    <Filter Include="Base">
      <UniqueIdentifier>{2b5be8ce-6b95-45ea-bd5a-9380ed6b03f8}</UniqueIdentifier>
    </Filter>
    <Filter Include="Base\Layer">
      <UniqueIdentifier>{afb4a9b2-72dc-45ed-8a01-6b9ae7f20226}</UniqueIdentifier>
    </Filter>
    <Filter Include="Layer">
      <UniqueIdentifier>{13299196-f5d6-46a3-8902-afbff5468737}</UniqueIdentifier>
    </Filter>
  </ItemGroup>
</Project>