<?xml version="1.0" encoding="utf-8"?>
<Project ToolsVersion="4.0" xmlns="http://schemas.microsoft.com/developer/msbuild/2003">
  <ItemGroup>
    <ClCompile Include="main.cpp">
      <Filter>win32</Filter>
    </ClCompile>
    <ClCompile Include="..\Classes\BaseUI\Layer\ESLayer.cpp">
      <Filter>src\BaseUI\Layer</Filter>
    </ClCompile>
    <ClCompile Include="..\Classes\Common\Global.cpp">
      <Filter>src\Common</Filter>
    </ClCompile>
    <ClCompile Include="..\Classes\Common\GlobalConst.cpp">
      <Filter>src\Common</Filter>
    </ClCompile>
    <ClCompile Include="..\Classes\Layer\GameCreateLayer.cpp">
      <Filter>src\Layer</Filter>
    </ClCompile>
    <ClCompile Include="..\Classes\Layer\HallLayer.cpp">
      <Filter>src\Layer</Filter>
    </ClCompile>
    <ClCompile Include="..\Classes\Layer\SettingLayer.cpp">
      <Filter>src\Layer</Filter>
    </ClCompile>
    <ClCompile Include="..\Classes\AppDelegate.cpp">
      <Filter>src</Filter>
    </ClCompile>
    <ClCompile Include="..\Classes\Plaza\Plaza\LoginLayer.cpp">
      <Filter>src\Plaza\Plaza</Filter>
    </ClCompile>
  </ItemGroup>
  <ItemGroup>
    <ClInclude Include="main.h">
      <Filter>win32</Filter>
    </ClInclude>
    <ClInclude Include="..\Classes\BaseUI\Layer\ESLayer.h">
      <Filter>src\BaseUI\Layer</Filter>
    </ClInclude>
    <ClInclude Include="..\Classes\Common\Global.h">
      <Filter>src\Common</Filter>
    </ClInclude>
    <ClInclude Include="..\Classes\Common\GlobalConst.h">
      <Filter>src\Common</Filter>
    </ClInclude>
    <ClInclude Include="..\Classes\Layer\GameCreateLayer.h">
      <Filter>src\Layer</Filter>
    </ClInclude>
    <ClInclude Include="..\Classes\Layer\HallLayer.h">
      <Filter>src\Layer</Filter>
    </ClInclude>
    <ClInclude Include="..\Classes\Layer\SettingLayer.h">
      <Filter>src\Layer</Filter>
    </ClInclude>
    <ClInclude Include="..\Classes\AppDelegate.h">
      <Filter>src</Filter>
    </ClInclude>
    <ClInclude Include="..\Classes\Plaza\Plaza\LoginLayer.h">
      <Filter>src\Plaza\Plaza</Filter>
    </ClInclude>
    <ClInclude Include="..\Classes\Utils\Singleton.h">
      <Filter>src\Utils</Filter>
    </ClInclude>
  </ItemGroup>
  <ItemGroup>
    <Filter Include="resource">
      <UniqueIdentifier>{7b13da77-e2f9-4ec4-a378-6e026a329653}</UniqueIdentifier>
    </Filter>
    <Filter Include="src">
      <UniqueIdentifier>{4eaf229b-4e58-4146-8c21-922a8c2173cf}</UniqueIdentifier>
    </Filter>
    <Filter Include="win32">
      <UniqueIdentifier>{50eadec8-f6ac-494c-a84a-fe2e4b32e53c}</UniqueIdentifier>
    </Filter>
    <Filter Include="src\BaseUI">
      <UniqueIdentifier>{07b71095-4d7f-423b-8fe7-997c3487a193}</UniqueIdentifier>
    </Filter>
    <Filter Include="src\BaseUI\Layer">
      <UniqueIdentifier>{7ec7589d-e67b-40a0-9f15-6aad3f8557c7}</UniqueIdentifier>
    </Filter>
    <Filter Include="src\Common">
      <UniqueIdentifier>{a986279e-a597-43ee-b0df-9204c81bc148}</UniqueIdentifier>
    </Filter>
    <Filter Include="src\Layer">
      <UniqueIdentifier>{454078c2-1b4e-479d-a7e2-372d1718ca39}</UniqueIdentifier>
    </Filter>
    <Filter Include="src\Plaza">
      <UniqueIdentifier>{6fceacb7-2f0a-4646-95de-cf43faa22da5}</UniqueIdentifier>
    </Filter>
    <Filter Include="src\Plaza\Plaza">
      <UniqueIdentifier>{a684b068-068e-4907-b16c-88a0c6d4c9f2}</UniqueIdentifier>
    </Filter>
    <Filter Include="src\Utils">
      <UniqueIdentifier>{b0e0cbd7-553f-4c92-a8d1-e8c5e76bffea}</UniqueIdentifier>
    </Filter>
  </ItemGroup>
  <ItemGroup>
    <ResourceCompile Include="game.rc">
      <Filter>resource</Filter>
    </ResourceCompile>
  </ItemGroup>
</Project>