<?xml version="1.0" encoding="utf-8"?>
<Project ToolsVersion="4.0" xmlns="http://schemas.microsoft.com/developer/msbuild/2003">
  <ItemGroup>
    <ClCompile Include="main.cpp">
      <Filter>win32</Filter>
    </ClCompile>
    <ClCompile Include="..\Classes\Common\Global.cpp">
      <Filter>src\Common</Filter>
    </ClCompile>
    <ClCompile Include="..\Classes\Common\GlobalConst.cpp">
      <Filter>src\Common</Filter>
    </ClCompile>
    <ClCompile Include="..\Classes\AppDelegate.cpp">
      <Filter>src</Filter>
    </ClCompile>
    <ClCompile Include="..\Classes\Plaza\Plaza\LoginScene.cpp">
      <Filter>src\Plaza\Plaza</Filter>
    </ClCompile>
    <ClCompile Include="..\Classes\Scene\GameCreateScene.cpp">
      <Filter>src\Scene</Filter>
    </ClCompile>
    <ClCompile Include="..\Classes\Scene\HallScene.cpp">
      <Filter>src\Scene</Filter>
    </ClCompile>
    <ClCompile Include="..\Classes\Scene\SettingScene.cpp">
      <Filter>src\Scene</Filter>
    </ClCompile>
    <ClCompile Include="..\Classes\DataMgr\GameDataMgr.cpp">
      <Filter>src\DataMgr</Filter>
    </ClCompile>
    <ClCompile Include="..\Classes\DataMgr\HallDataMgr.cpp">
      <Filter>src\DataMgr</Filter>
    </ClCompile>
    <ClCompile Include="..\Classes\DataMgr\NetworkMgr.cpp">
      <Filter>src\DataMgr</Filter>
    </ClCompile>
    <ClCompile Include="..\Classes\DataMgr\AudioMgr.cpp">
      <Filter>src\DataMgr</Filter>
    </ClCompile>
    <ClCompile Include="..\Classes\Plaza\Plaza\FramList.cpp">
      <Filter>src\Plaza\Plaza</Filter>
    </ClCompile>
    <ClCompile Include="..\Classes\Socket\BSDSocket.cpp">
      <Filter>src\Socket</Filter>
    </ClCompile>
    <ClCompile Include="..\Classes\Socket\TCPSocket.cpp">
      <Filter>src\Socket</Filter>
    </ClCompile>
    <ClCompile Include="..\Classes\DataMgr\TableMgr.cpp">
      <Filter>src\DataMgr</Filter>
    </ClCompile>
    <ClCompile Include="..\Classes\Scene\AnimationMgr\AnimationMgr.cpp">
      <Filter>src\Scene\AnimationMgr</Filter>
    </ClCompile>
    <ClCompile Include="..\Classes\Scene\SceneMgr\SceneMgr.cpp">
      <Filter>src\Scene\SceneMgr</Filter>
    </ClCompile>
    <ClCompile Include="..\Classes\Utils\UtilEx.cpp">
      <Filter>src\Utils</Filter>
    </ClCompile>
    <ClCompile Include="..\Classes\Plaza\Shop\AreaPicker.cpp">
      <Filter>src\Plaza\Shop</Filter>
    </ClCompile>
    <ClCompile Include="..\Classes\LibExt\ClipText.cpp">
      <Filter>src\LibExt</Filter>
    </ClCompile>
    <ClCompile Include="..\Classes\Plaza\Bank\BankSendReceiptLayer.cpp">
      <Filter>src\Plaza\Bank</Filter>
    </ClCompile>
    <ClCompile Include="..\Classes\Plaza\Notice\Notice.cpp">
      <Filter>src\Plaza\Notice</Filter>
    </ClCompile>
    <ClCompile Include="..\Classes\Plaza\Plaza\Plaza.cpp">
      <Filter>src\Plaza\Plaza</Filter>
    </ClCompile>
    <ClCompile Include="..\Classes\Plaza\Task\TaskScene.cpp">
      <Filter>src\Plaza\Task</Filter>
    </ClCompile>
    <ClCompile Include="..\Classes\DataMgr\GameConfigMgr.cpp">
      <Filter>src\DataMgr</Filter>
    </ClCompile>
    <ClCompile Include="..\Classes\Plaza\Rank\RankScene.cpp">
      <Filter>src\Plaza\Rank</Filter>
    </ClCompile>
    <ClCompile Include="..\Classes\Plaza\Regist\RegistScene.cpp">
      <Filter>src\Plaza\Regist</Filter>
    </ClCompile>
    <ClCompile Include="..\Classes\Plaza\Reward\RewardScene.cpp">
      <Filter>src\Plaza\Reward</Filter>
    </ClCompile>
    <ClCompile Include="..\Classes\Plaza\Setting\SettingScene.cpp">
      <Filter>src\Plaza\Setting</Filter>
    </ClCompile>
    <ClCompile Include="..\Classes\Plaza\Loading\LoadingScene.cpp">
      <Filter>src\Plaza\Loading</Filter>
    </ClCompile>
    <ClCompile Include="..\Classes\Plaza\Bank\BankScene.cpp">
      <Filter>src\Plaza\Bank</Filter>
    </ClCompile>
    <ClCompile Include="..\Classes\Plaza\Bank\BankShowScene.cpp">
      <Filter>src\Plaza\Bank</Filter>
    </ClCompile>
    <ClCompile Include="..\Classes\Plaza\Personal\PersonalScene.cpp">
      <Filter>src\Plaza\Personal</Filter>
    </ClCompile>
    <ClCompile Include="..\Classes\Plaza\Personal\PhotoBridge.cpp">
      <Filter>src\Plaza\Personal</Filter>
    </ClCompile>
    <ClCompile Include="..\Classes\Plaza\Shop\ShopScene.cpp">
      <Filter>src\Plaza\Shop</Filter>
    </ClCompile>
    <ClCompile Include="..\Classes\LibExt\ButtonGroup.cpp">
      <Filter>src\LibExt</Filter>
    </ClCompile>
    <ClCompile Include="..\Classes\LibExt\DotNode.cpp">
      <Filter>src\LibExt</Filter>
    </ClCompile>
    <ClCompile Include="..\Classes\LibExt\LCPageView.cpp">
      <Filter>src\LibExt</Filter>
    </ClCompile>
    <ClCompile Include="..\Classes\LibExt\LCPageView2.cpp">
      <Filter>src\LibExt</Filter>
    </ClCompile>
    <ClCompile Include="..\Classes\LibExt\LCScrollView.cpp">
      <Filter>src\LibExt</Filter>
    </ClCompile>
    <ClCompile Include="..\Classes\LibExt\LCScrollViewType2.cpp">
      <Filter>src\LibExt</Filter>
    </ClCompile>
    <ClCompile Include="..\Classes\LibExt\TouchSprite.cpp">
      <Filter>src\LibExt</Filter>
    </ClCompile>
    <ClCompile Include="..\Classes\LibExt\UserDataRef.cpp">
      <Filter>src\LibExt</Filter>
    </ClCompile>
    <ClCompile Include="..\Classes\DownloadMgr\DownloadMgr.cpp">
      <Filter>src\DownloadMgr</Filter>
    </ClCompile>
    <ClCompile Include="..\Classes\MultiPlatform\MultiPlatformMgr.cpp">
      <Filter>src\MultiPlatform</Filter>
    </ClCompile>
    <ClCompile Include="..\Classes\MultiPlatform\android\MultiPlatformMgr-android.cpp">
      <Filter>src\MultiPlatform\android</Filter>
    </ClCompile>
    <ClCompile Include="..\Classes\Public\GameGoldMove.cpp">
      <Filter>src\Public</Filter>
    </ClCompile>
    <ClCompile Include="..\Classes\Public\HeaderRequest.cpp">
      <Filter>src\Public</Filter>
    </ClCompile>
    <ClCompile Include="..\Classes\Public\Help.cpp">
      <Filter>src\Public</Filter>
    </ClCompile>
    <ClCompile Include="..\Classes\Scene\ExtBaseScene.cpp">
      <Filter>src\Scene</Filter>
    </ClCompile>
    <ClCompile Include="..\Classes\DownloadMgr\CurlDownload.cpp">
      <Filter>src\DownloadMgr</Filter>
    </ClCompile>
    <ClCompile Include="..\Classes\Utils\MD5\md5.c">
      <Filter>src\Utils\MD5</Filter>
    </ClCompile>
    <ClCompile Include="..\Classes\Utils\Gif\dgif_lib.c">
      <Filter>src\Utils\Gif</Filter>
    </ClCompile>
    <ClCompile Include="..\Classes\Utils\Gif\egif_lib.c">
      <Filter>src\Utils\Gif</Filter>
    </ClCompile>
    <ClCompile Include="..\Classes\Utils\Gif\gif_err.c">
      <Filter>src\Utils\Gif</Filter>
    </ClCompile>
    <ClCompile Include="..\Classes\Utils\Gif\gif_font.c">
      <Filter>src\Utils\Gif</Filter>
    </ClCompile>
    <ClCompile Include="..\Classes\Utils\Gif\gif_hash.c">
      <Filter>src\Utils\Gif</Filter>
    </ClCompile>
    <ClCompile Include="..\Classes\Utils\Gif\gifalloc.c">
      <Filter>src\Utils\Gif</Filter>
    </ClCompile>
    <ClCompile Include="..\Classes\Plaza\CommonPlazaLayer.cpp">
      <Filter>src\Plaza</Filter>
    </ClCompile>
    <ClCompile Include="..\Classes\Game\BaiJiaLe\BankSceneUI\BankLayer.cpp">
      <Filter>src\Game\BaiJiaLe\BankSceneUI</Filter>
    </ClCompile>
    <ClCompile Include="..\Classes\Game\BaiJiaLe\BankSceneUI\BankSaveLayer.cpp">
      <Filter>src\Game\BaiJiaLe\BankSceneUI</Filter>
    </ClCompile>
    <ClCompile Include="..\Classes\Game\BaiJiaLe\BankSceneUI\BankSendLayer.cpp">
      <Filter>src\Game\BaiJiaLe\BankSceneUI</Filter>
    </ClCompile>
    <ClCompile Include="..\Classes\Game\BaiJiaLe\BankSceneUI\OpenBankLayer.cpp">
      <Filter>src\Game\BaiJiaLe\BankSceneUI</Filter>
    </ClCompile>
    <ClCompile Include="..\Classes\Game\BaiJiaLe\DataMgr\GameLogic.cpp">
      <Filter>src\Game\BaiJiaLe\DataMgr</Filter>
    </ClCompile>
    <ClCompile Include="..\Classes\Game\BaiJiaLe\DataMgr\GameRecordMgr.cpp">
      <Filter>src\Game\BaiJiaLe\DataMgr</Filter>
    </ClCompile>
    <ClCompile Include="..\Classes\Game\BaiJiaLe\GameSceneUI\AntiCheatLayer.cpp">
      <Filter>src\Game\BaiJiaLe\GameSceneUI</Filter>
    </ClCompile>
    <ClCompile Include="..\Classes\Game\BaiJiaLe\GameSceneUI\BankerNode.cpp">
      <Filter>src\Game\BaiJiaLe\GameSceneUI</Filter>
    </ClCompile>
    <ClCompile Include="..\Classes\Game\BaiJiaLe\GameSceneUI\GameCardLayer.cpp">
      <Filter>src\Game\BaiJiaLe\GameSceneUI</Filter>
    </ClCompile>
    <ClCompile Include="..\Classes\Game\BaiJiaLe\GameSceneUI\GameClockNode.cpp">
      <Filter>src\Game\BaiJiaLe\GameSceneUI</Filter>
    </ClCompile>
    <ClCompile Include="..\Classes\Game\BaiJiaLe\GameSceneUI\GameEffectLayer.cpp">
      <Filter>src\Game\BaiJiaLe\GameSceneUI</Filter>
    </ClCompile>
    <ClCompile Include="..\Classes\Game\BaiJiaLe\GameSceneUI\GameJettonNode.cpp">
      <Filter>src\Game\BaiJiaLe\GameSceneUI</Filter>
    </ClCompile>
    <ClCompile Include="..\Classes\Game\BaiJiaLe\GameSceneUI\GameLayer.cpp">
      <Filter>src\Game\BaiJiaLe\GameSceneUI</Filter>
    </ClCompile>
    <ClCompile Include="..\Classes\Game\BaiJiaLe\GameSceneUI\GameResultLayer.cpp">
      <Filter>src\Game\BaiJiaLe\GameSceneUI</Filter>
    </ClCompile>
    <ClCompile Include="..\Classes\Game\BaiJiaLe\GameSceneUI\GameRoleInfoLayer.cpp">
      <Filter>src\Game\BaiJiaLe\GameSceneUI</Filter>
    </ClCompile>
    <ClCompile Include="..\Classes\Game\BaiJiaLe\GameSceneUI\GameRoleNode.cpp">
      <Filter>src\Game\BaiJiaLe\GameSceneUI</Filter>
    </ClCompile>
    <ClCompile Include="..\Classes\Game\BaiJiaLe\GameSceneUI\WallBill\SimpleWallBillLayer.cpp">
      <Filter>src\Game\BaiJiaLe\GameSceneUI\WallBill</Filter>
    </ClCompile>
    <ClCompile Include="..\Classes\Game\BaiJiaLe\GameSceneUI\WallBill\WallBillLayer.cpp">
      <Filter>src\Game\BaiJiaLe\GameSceneUI\WallBill</Filter>
    </ClCompile>
    <ClCompile Include="..\Classes\Game\BaiJiaLe\GameSceneUI\GameCard\CardSprite.cpp">
      <Filter>src\Game\BaiJiaLe\GameSceneUI\GameCard</Filter>
    </ClCompile>
    <ClCompile Include="..\Classes\Game\BaiJiaLe\GameSceneUI\GameCard\CardsNode.cpp">
      <Filter>src\Game\BaiJiaLe\GameSceneUI\GameCard</Filter>
    </ClCompile>
    <ClCompile Include="..\Classes\Game\BaiJiaLe\GameSceneUI\Chat\ChatTableView.cpp">
      <Filter>src\Game\BaiJiaLe\GameSceneUI\Chat</Filter>
    </ClCompile>
    <ClCompile Include="..\Classes\Game\BaiJiaLe\GameSceneUI\Chat\GameChatLayer.cpp">
      <Filter>src\Game\BaiJiaLe\GameSceneUI\Chat</Filter>
    </ClCompile>
    <ClCompile Include="..\Classes\Game\BaiJiaLe\GameSceneUI\Chat\BrowPanel.cpp">
      <Filter>src\Game\BaiJiaLe\GameSceneUI\Chat</Filter>
    </ClCompile>
    <ClCompile Include="..\Classes\Game\BaiJiaLe\GameSceneUI\Chat\ChatItem.cpp">
      <Filter>src\Game\BaiJiaLe\GameSceneUI\Chat</Filter>
    </ClCompile>
    <ClCompile Include="..\Classes\Game\BaiJiaLe\GameSceneUI\Apply\ApplyItemNode.cpp">
      <Filter>src\Game\BaiJiaLe\GameSceneUI\Apply</Filter>
    </ClCompile>
    <ClCompile Include="..\Classes\Game\BaiJiaLe\GameSceneUI\Apply\ApplyListLayer.cpp">
      <Filter>src\Game\BaiJiaLe\GameSceneUI\Apply</Filter>
    </ClCompile>
    <ClCompile Include="..\Classes\Game\BaiJiaLe\PlazaSceneUI\TablePageItem.cpp">
      <Filter>src\Game\BaiJiaLe\PlazaSceneUI</Filter>
    </ClCompile>
    <ClCompile Include="..\Classes\Game\BaiJiaLe\PlazaSceneUI\PasswdLayer.cpp">
      <Filter>src\Game\BaiJiaLe\PlazaSceneUI</Filter>
    </ClCompile>
    <ClCompile Include="..\Classes\Game\BaiJiaLe\PlazaSceneUI\PlazaLayer.cpp">
      <Filter>src\Game\BaiJiaLe\PlazaSceneUI</Filter>
    </ClCompile>
    <ClCompile Include="..\Classes\Game\BaiJiaLe\PlazaSceneUI\RoomItemView.cpp">
      <Filter>src\Game\BaiJiaLe\PlazaSceneUI</Filter>
    </ClCompile>
    <ClCompile Include="..\Classes\Game\BaiJiaLe\PlazaSceneUI\RoomListLayer.cpp">
      <Filter>src\Game\BaiJiaLe\PlazaSceneUI</Filter>
    </ClCompile>
    <ClCompile Include="..\Classes\Game\BaiJiaLe\PlazaSceneUI\TableItemView.cpp">
      <Filter>src\Game\BaiJiaLe\PlazaSceneUI</Filter>
    </ClCompile>
    <ClCompile Include="..\Classes\Game\BaiJiaLe\PlazaSceneUI\TableListLayer.cpp">
      <Filter>src\Game\BaiJiaLe\PlazaSceneUI</Filter>
    </ClCompile>
    <ClCompile Include="..\Classes\Game\BaiRenNiuNiu\Game\brnn_GameLayer.cpp">
      <Filter>src\Game\BaiRenNiuNiu\Game</Filter>
    </ClCompile>
    <ClCompile Include="..\Classes\Game\BaiRenNiuNiu\Game\GameLogic.cpp">
      <Filter>src\Game\BaiRenNiuNiu\Game</Filter>
    </ClCompile>
    <ClCompile Include="..\Classes\Game\BaiRenNiuNiu\Game\NameLabel.cpp">
      <Filter>src\Game\BaiRenNiuNiu\Game</Filter>
    </ClCompile>
    <ClCompile Include="..\Classes\Game\BaiRenNiuNiu\Room\BankLayer.cpp">
      <Filter>src\Game\BaiRenNiuNiu\Room</Filter>
    </ClCompile>
    <ClCompile Include="..\Classes\Game\BaiRenNiuNiu\Room\brnn_RoomLayer.cpp">
      <Filter>src\Game\BaiRenNiuNiu\Room</Filter>
    </ClCompile>
    <ClCompile Include="..\Classes\Game\BaiRenNiuNiu\Room\SettingLayer.cpp">
      <Filter>src\Game\BaiRenNiuNiu\Room</Filter>
    </ClCompile>
    <ClCompile Include="..\Classes\Game\lkpy\Game\Bullet.cpp">
      <Filter>src\Game\lkpy\Game</Filter>
    </ClCompile>
    <ClCompile Include="..\Classes\Game\lkpy\Game\Cannon.cpp">
      <Filter>src\Game\lkpy\Game</Filter>
    </ClCompile>
    <ClCompile Include="..\Classes\Game\lkpy\Game\CannonLayer.cpp">
      <Filter>src\Game\lkpy\Game</Filter>
    </ClCompile>
    <ClCompile Include="..\Classes\Game\lkpy\Game\CoinMove.cpp">
      <Filter>src\Game\lkpy\Game</Filter>
    </ClCompile>
    <ClCompile Include="..\Classes\Game\lkpy\Game\Fish.cpp">
      <Filter>src\Game\lkpy\Game</Filter>
    </ClCompile>
    <ClCompile Include="..\Classes\Game\lkpy\Game\GameBankLayer.cpp">
      <Filter>src\Game\lkpy\Game</Filter>
    </ClCompile>
    <ClCompile Include="..\Classes\Game\lkpy\Game\GameClearLayer.cpp">
      <Filter>src\Game\lkpy\Game</Filter>
    </ClCompile>
    <ClCompile Include="..\Classes\Game\lkpy\Game\GameHelpLayer.cpp">
      <Filter>src\Game\lkpy\Game</Filter>
    </ClCompile>
    <ClCompile Include="..\Classes\Game\lkpy\Game\GameLayer.cpp">
      <Filter>src\Game\lkpy\Game</Filter>
    </ClCompile>
    <ClCompile Include="..\Classes\Game\lkpy\Game\GameLodingLayer.cpp">
      <Filter>src\Game\lkpy\Game</Filter>
    </ClCompile>
    <ClCompile Include="..\Classes\Game\lkpy\Game\GameMessage.cpp">
      <Filter>src\Game\lkpy\Game</Filter>
    </ClCompile>
    <ClCompile Include="..\Classes\Game\lkpy\Game\GameSettingLayer.cpp">
      <Filter>src\Game\lkpy\Game</Filter>
    </ClCompile>
    <ClCompile Include="..\Classes\Game\lkpy\Game\lkpy_GameDataMgr.cpp">
      <Filter>src\Game\lkpy\Game</Filter>
    </ClCompile>
    <ClCompile Include="..\Classes\Game\lkpy\Game\RotateWithAction.cpp">
      <Filter>src\Game\lkpy\Game</Filter>
    </ClCompile>
    <ClCompile Include="..\Classes\Game\lkpy\Public\CircleBy.cpp">
      <Filter>src\Game\lkpy\Public</Filter>
    </ClCompile>
    <ClCompile Include="..\Classes\Game\lkpy\Public\lkpy_help.cpp">
      <Filter>src\Game\lkpy\Public</Filter>
    </ClCompile>
    <ClCompile Include="..\Classes\Game\lkpy\Room\DeskCell.cpp">
      <Filter>src\Game\lkpy\Room</Filter>
    </ClCompile>
    <ClCompile Include="..\Classes\Game\lkpy\Room\DeskLayer.cpp">
      <Filter>src\Game\lkpy\Room</Filter>
    </ClCompile>
    <ClCompile Include="..\Classes\Game\lkpy\Room\RoomLayer.cpp">
      <Filter>src\Game\lkpy\Room</Filter>
    </ClCompile>
    <ClCompile Include="..\Classes\Game\NiuNiu\nn_GameScene.cpp">
      <Filter>src\Game\NiuNiu</Filter>
    </ClCompile>
    <ClCompile Include="..\Classes\Game\NiuNiu\nn_HelpLayer.cpp">
      <Filter>src\Game\NiuNiu</Filter>
    </ClCompile>
    <ClCompile Include="..\Classes\Game\NiuNiu\nn_PlazaScene.cpp">
      <Filter>src\Game\NiuNiu</Filter>
    </ClCompile>
    <ClCompile Include="..\Classes\Game\NiuNiu\nn_SettingLayer.cpp">
      <Filter>src\Game\NiuNiu</Filter>
    </ClCompile>
    <ClCompile Include="..\Classes\Game\NiuNiu\nn_TempGameScene.cpp">
      <Filter>src\Game\NiuNiu</Filter>
    </ClCompile>
    <ClCompile Include="..\Classes\Game\NiuNiu\DataMgr\GameLogic.cpp">
      <Filter>src\Game\NiuNiu\DataMgr</Filter>
    </ClCompile>
    <ClCompile Include="..\Classes\Game\NiuNiu\GameSceneUI\Chat\BrowPanel.cpp">
      <Filter>src\Game\NiuNiu\GameSceneUI\Chat</Filter>
    </ClCompile>
    <ClCompile Include="..\Classes\Game\NiuNiu\GameSceneUI\Chat\ChatItem.cpp">
      <Filter>src\Game\NiuNiu\GameSceneUI\Chat</Filter>
    </ClCompile>
    <ClCompile Include="..\Classes\Game\NiuNiu\GameSceneUI\Chat\ChatTableView.cpp">
      <Filter>src\Game\NiuNiu\GameSceneUI\Chat</Filter>
    </ClCompile>
    <ClCompile Include="..\Classes\Game\NiuNiu\GameSceneUI\Chat\GameChatLayer.cpp">
      <Filter>src\Game\NiuNiu\GameSceneUI\Chat</Filter>
    </ClCompile>
    <ClCompile Include="..\Classes\Game\NiuNiu\GameSceneUI\GameCard\CardsNode.cpp">
      <Filter>src\Game\NiuNiu\GameSceneUI\GameCard</Filter>
    </ClCompile>
    <ClCompile Include="..\Classes\Game\NiuNiu\GameSceneUI\GameCard\CardSprite.cpp">
      <Filter>src\Game\NiuNiu\GameSceneUI\GameCard</Filter>
    </ClCompile>
    <ClCompile Include="..\Classes\Game\NiuNiu\GameSceneUI\AntiCheatLayer.cpp">
      <Filter>src\Game\NiuNiu\GameSceneUI</Filter>
    </ClCompile>
    <ClCompile Include="..\Classes\Game\NiuNiu\GameSceneUI\CalculateNiuItem.cpp">
      <Filter>src\Game\NiuNiu\GameSceneUI</Filter>
    </ClCompile>
    <ClCompile Include="..\Classes\Game\NiuNiu\GameSceneUI\GameClockNode.cpp">
      <Filter>src\Game\NiuNiu\GameSceneUI</Filter>
    </ClCompile>
    <ClCompile Include="..\Classes\Game\NiuNiu\GameSceneUI\GameEffectLayer.cpp">
      <Filter>src\Game\NiuNiu\GameSceneUI</Filter>
    </ClCompile>
    <ClCompile Include="..\Classes\Game\NiuNiu\GameSceneUI\GameLayer.cpp">
      <Filter>src\Game\NiuNiu\GameSceneUI</Filter>
    </ClCompile>
    <ClCompile Include="..\Classes\Game\NiuNiu\GameSceneUI\GameRoleInfoLayer.cpp">
      <Filter>src\Game\NiuNiu\GameSceneUI</Filter>
    </ClCompile>
    <ClCompile Include="..\Classes\Game\NiuNiu\GameSceneUI\GameRoleNode.cpp">
      <Filter>src\Game\NiuNiu\GameSceneUI</Filter>
    </ClCompile>
    <ClCompile Include="..\Classes\Game\NiuNiu\GameSceneUI\NiuNiuNode.cpp">
      <Filter>src\Game\NiuNiu\GameSceneUI</Filter>
    </ClCompile>
    <ClCompile Include="..\Classes\Game\NiuNiu\PlazaSceneUI\RoomItemView.cpp">
      <Filter>src\Game\NiuNiu\PlazaSceneUI</Filter>
    </ClCompile>
    <ClCompile Include="..\Classes\Game\NiuNiu\PlazaSceneUI\RoomListLayer.cpp">
      <Filter>src\Game\NiuNiu\PlazaSceneUI</Filter>
    </ClCompile>
    <ClCompile Include="..\Classes\Game\NiuNiu\PlazaSceneUI\TableItemView.cpp">
      <Filter>src\Game\NiuNiu\PlazaSceneUI</Filter>
    </ClCompile>
    <ClCompile Include="..\Classes\Game\NiuNiu\PlazaSceneUI\TableListLayer.cpp">
      <Filter>src\Game\NiuNiu\PlazaSceneUI</Filter>
    </ClCompile>
    <ClCompile Include="..\Classes\Game\NiuNiu\PlazaSceneUI\TablePageItem.cpp">
      <Filter>src\Game\NiuNiu\PlazaSceneUI</Filter>
    </ClCompile>
    <ClCompile Include="..\Classes\Game\NiuNiu\PlazaSceneUI\PasswdLayer.cpp">
      <Filter>src\Game\NiuNiu\PlazaSceneUI</Filter>
    </ClCompile>
    <ClCompile Include="..\Classes\Game\NiuNiu\PlazaSceneUI\PlazaLayer.cpp">
      <Filter>src\Game\NiuNiu\PlazaSceneUI</Filter>
    </ClCompile>
  </ItemGroup>
  <ItemGroup>
    <ClInclude Include="main.h">
      <Filter>win32</Filter>
    </ClInclude>
    <ClInclude Include="..\Classes\Common\Global.h">
      <Filter>src\Common</Filter>
    </ClInclude>
    <ClInclude Include="..\Classes\Common\GlobalConst.h">
      <Filter>src\Common</Filter>
    </ClInclude>
    <ClInclude Include="..\Classes\AppDelegate.h">
      <Filter>src</Filter>
    </ClInclude>
    <ClInclude Include="..\Classes\Plaza\Plaza\LoginScene.h">
      <Filter>src\Plaza\Plaza</Filter>
    </ClInclude>
    <ClInclude Include="..\Classes\Scene\GameCreateScene.h">
      <Filter>src\Scene</Filter>
    </ClInclude>
    <ClInclude Include="..\Classes\Scene\HallScene.h">
      <Filter>src\Scene</Filter>
    </ClInclude>
    <ClInclude Include="..\Classes\Scene\SettingScene.h">
      <Filter>src\Scene</Filter>
    </ClInclude>
    <ClInclude Include="..\Classes\Pattern\Singleton.h">
      <Filter>src\Pattern</Filter>
    </ClInclude>
    <ClInclude Include="..\Classes\CocosHeader.h">
      <Filter>src</Filter>
    </ClInclude>
    <ClInclude Include="..\Classes\Common\MacroDefine.h">
      <Filter>src\Common</Filter>
    </ClInclude>
    <ClInclude Include="..\Classes\LibExt\UIInterface.h">
      <Filter>src\LibExt</Filter>
    </ClInclude>
    <ClInclude Include="..\Classes\Common\UIMsgDefine.h">
      <Filter>src\Common</Filter>
    </ClInclude>
    <ClInclude Include="..\Classes\DataMgr\GameDataMgr.h">
      <Filter>src\DataMgr</Filter>
    </ClInclude>
    <ClInclude Include="..\Classes\DataMgr\HallDataMgr.h">
      <Filter>src\DataMgr</Filter>
    </ClInclude>
    <ClInclude Include="..\Classes\DataMgr\NetworkMgr.h">
      <Filter>src\DataMgr</Filter>
    </ClInclude>
    <ClInclude Include="..\Classes\Common\PublicDefine.h">
      <Filter>src\Common</Filter>
    </ClInclude>
    <ClInclude Include="..\Classes\DataMgr\AudioMgr.h">
      <Filter>src\DataMgr</Filter>
    </ClInclude>
    <ClInclude Include="..\Classes\Plaza\Plaza\FramList.h">
      <Filter>src\Plaza\Plaza</Filter>
    </ClInclude>
    <ClInclude Include="..\Classes\Common\Project.h">
      <Filter>src\Common</Filter>
    </ClInclude>
    <ClInclude Include="..\Classes\Common\CMD_Stdafx.h">
      <Filter>src\Common</Filter>
    </ClInclude>
    <ClInclude Include="..\Classes\Common\Packet.h">
      <Filter>src\Common</Filter>
    </ClInclude>
    <ClInclude Include="..\Classes\Common\Platform.h">
      <Filter>src\Common</Filter>
    </ClInclude>
    <ClInclude Include="..\Classes\Common\Property.h">
      <Filter>src\Common</Filter>
    </ClInclude>
    <ClInclude Include="..\Classes\Common\Protocol.h">
      <Filter>src\Common</Filter>
    </ClInclude>
    <ClInclude Include="..\Classes\Common\Struct.h">
      <Filter>src\Common</Filter>
    </ClInclude>
    <ClInclude Include="..\Classes\Common\CMD_GameServer.h">
      <Filter>src\Common</Filter>
    </ClInclude>
    <ClInclude Include="..\Classes\Common\CMD_LogonServer.h">
      <Filter>src\Common</Filter>
    </ClInclude>
    <ClInclude Include="..\Classes\Common\CMD_NotifyDefine.h">
      <Filter>src\Common</Filter>
    </ClInclude>
    <ClInclude Include="..\Classes\Common\CMD_Common.h">
      <Filter>src\Common</Filter>
    </ClInclude>
    <ClInclude Include="..\Classes\Socket\BSDSocket.h">
      <Filter>src\Socket</Filter>
    </ClInclude>
    <ClInclude Include="..\Classes\Socket\SocketRecvData.h">
      <Filter>src\Socket</Filter>
    </ClInclude>
    <ClInclude Include="..\Classes\Socket\TCPSocket.h">
      <Filter>src\Socket</Filter>
    </ClInclude>
    <ClInclude Include="..\Classes\DataMgr\TableMgr.h">
      <Filter>src\DataMgr</Filter>
    </ClInclude>
    <ClInclude Include="..\Classes\DataMgr\UserData.h">
      <Filter>src\DataMgr</Filter>
    </ClInclude>
    <ClInclude Include="..\Classes\Scene\AnimationMgr\AnimationMgr.h">
      <Filter>src\Scene\AnimationMgr</Filter>
    </ClInclude>
    <ClInclude Include="..\Classes\Scene\SceneMgr\SceneMgr.h">
      <Filter>src\Scene\SceneMgr</Filter>
    </ClInclude>
    <ClInclude Include="..\Classes\Utils\UtilEx.h">
      <Filter>src\Utils</Filter>
    </ClInclude>
    <ClInclude Include="..\Classes\Scene\SceneHeader.h">
      <Filter>src\Scene</Filter>
    </ClInclude>
    <ClInclude Include="..\Classes\Plaza\Shop\AreaPicker.h">
      <Filter>src\Plaza\Shop</Filter>
    </ClInclude>
    <ClInclude Include="..\Classes\LibExt\ClipText.h">
      <Filter>src\LibExt</Filter>
    </ClInclude>
    <ClInclude Include="..\Classes\Plaza\Bank\BankSendReceiptLayer.h">
      <Filter>src\Plaza\Bank</Filter>
    </ClInclude>
    <ClInclude Include="..\Classes\Plaza\Notice\Notice.h">
      <Filter>src\Plaza\Notice</Filter>
    </ClInclude>
    <ClInclude Include="..\Classes\Plaza\Plaza\Plaza.h">
      <Filter>src\Plaza\Plaza</Filter>
    </ClInclude>
    <ClInclude Include="..\Classes\Plaza\Task\TaskScene.h">
      <Filter>src\Plaza\Task</Filter>
    </ClInclude>
    <ClInclude Include="..\Classes\DataMgr\GameConfigMgr.h">
      <Filter>src\DataMgr</Filter>
    </ClInclude>
    <ClInclude Include="..\Classes\Plaza\Rank\RankScene.h">
      <Filter>src\Plaza\Rank</Filter>
    </ClInclude>
    <ClInclude Include="..\Classes\Plaza\Regist\RegistScene.h">
      <Filter>src\Plaza\Regist</Filter>
    </ClInclude>
    <ClInclude Include="..\Classes\Plaza\Reward\RewardScene.h">
      <Filter>src\Plaza\Reward</Filter>
    </ClInclude>
    <ClInclude Include="..\Classes\Plaza\Setting\SettingScene.h">
      <Filter>src\Plaza\Setting</Filter>
    </ClInclude>
    <ClInclude Include="..\Classes\Plaza\Loading\LoadingScene.h">
      <Filter>src\Plaza\Loading</Filter>
    </ClInclude>
    <ClInclude Include="..\Classes\Plaza\Bank\BankScene.h">
      <Filter>src\Plaza\Bank</Filter>
    </ClInclude>
    <ClInclude Include="..\Classes\Plaza\Bank\BankShowScene.h">
      <Filter>src\Plaza\Bank</Filter>
    </ClInclude>
    <ClInclude Include="..\Classes\Plaza\Personal\PersonalScene.h">
      <Filter>src\Plaza\Personal</Filter>
    </ClInclude>
    <ClInclude Include="..\Classes\Plaza\Personal\PhotoBridge.h">
      <Filter>src\Plaza\Personal</Filter>
    </ClInclude>
    <ClInclude Include="..\Classes\Plaza\Shop\ShopScene.h">
      <Filter>src\Plaza\Shop</Filter>
    </ClInclude>
    <ClInclude Include="..\Classes\LibExt\ButtonGroup.h">
      <Filter>src\LibExt</Filter>
    </ClInclude>
    <ClInclude Include="..\Classes\LibExt\DotNode.h">
      <Filter>src\LibExt</Filter>
    </ClInclude>
    <ClInclude Include="..\Classes\LibExt\LCPageView.h">
      <Filter>src\LibExt</Filter>
    </ClInclude>
    <ClInclude Include="..\Classes\LibExt\LCPageView2.h">
      <Filter>src\LibExt</Filter>
    </ClInclude>
    <ClInclude Include="..\Classes\LibExt\LCScrollView.h">
      <Filter>src\LibExt</Filter>
    </ClInclude>
    <ClInclude Include="..\Classes\LibExt\LCScrollViewType2.h">
      <Filter>src\LibExt</Filter>
    </ClInclude>
    <ClInclude Include="..\Classes\LibExt\TouchSprite.h">
      <Filter>src\LibExt</Filter>
    </ClInclude>
    <ClInclude Include="..\Classes\LibExt\UserDataRef.h">
      <Filter>src\LibExt</Filter>
    </ClInclude>
    <ClInclude Include="..\Classes\DownloadMgr\DownloadMgr.h">
      <Filter>src\DownloadMgr</Filter>
    </ClInclude>
    <ClInclude Include="..\Classes\MultiPlatform\MultiPlatformMgr.h">
      <Filter>src\MultiPlatform</Filter>
    </ClInclude>
    <ClInclude Include="..\Classes\MultiPlatform\ios\MultiPlatformMgr-ios.h">
      <Filter>src\MultiPlatform\ios</Filter>
    </ClInclude>
    <ClInclude Include="..\Classes\MultiPlatform\android\MultiPlatformMgr-android.h">
      <Filter>src\MultiPlatform\android</Filter>
    </ClInclude>
    <ClInclude Include="..\Classes\Public\GameGoldMove.h">
      <Filter>src\Public</Filter>
    </ClInclude>
    <ClInclude Include="..\Classes\Public\HeaderRequest.h">
      <Filter>src\Public</Filter>
    </ClInclude>
    <ClInclude Include="..\Classes\Public\Help.h">
      <Filter>src\Public</Filter>
    </ClInclude>
    <ClInclude Include="..\Classes\Scene\ExtBaseScene.h">
      <Filter>src\Scene</Filter>
    </ClInclude>
    <ClInclude Include="..\Classes\DownloadMgr\CurlDownload.h">
      <Filter>src\DownloadMgr</Filter>
    </ClInclude>
    <ClInclude Include="..\Classes\Utils\MD5\md5.h">
      <Filter>src\Utils\MD5</Filter>
    </ClInclude>
    <ClInclude Include="..\Classes\Utils\Gif\gif_hash.h">
      <Filter>src\Utils\Gif</Filter>
    </ClInclude>
    <ClInclude Include="..\Classes\Utils\Gif\gif_lib.h">
      <Filter>src\Utils\Gif</Filter>
    </ClInclude>
    <ClInclude Include="..\Classes\Utils\Gif\gif_lib_private.h">
      <Filter>src\Utils\Gif</Filter>
    </ClInclude>
    <ClInclude Include="..\Classes\Plaza\CommonPlazaLayer.h">
      <Filter>src\Plaza</Filter>
    </ClInclude>
    <ClInclude Include="..\Classes\Game\BaiJiaLe\BankSceneUI\BankLayer.h">
      <Filter>src\Game\BaiJiaLe\BankSceneUI</Filter>
    </ClInclude>
    <ClInclude Include="..\Classes\Game\BaiJiaLe\BankSceneUI\BankSaveLayer.h">
      <Filter>src\Game\BaiJiaLe\BankSceneUI</Filter>
    </ClInclude>
    <ClInclude Include="..\Classes\Game\BaiJiaLe\BankSceneUI\BankSendLayer.h">
      <Filter>src\Game\BaiJiaLe\BankSceneUI</Filter>
    </ClInclude>
    <ClInclude Include="..\Classes\Game\BaiJiaLe\BankSceneUI\OpenBankLayer.h">
      <Filter>src\Game\BaiJiaLe\BankSceneUI</Filter>
    </ClInclude>
    <ClInclude Include="..\Classes\Game\BaiJiaLe\DataMgr\GameLogic.h">
      <Filter>src\Game\BaiJiaLe\DataMgr</Filter>
    </ClInclude>
    <ClInclude Include="..\Classes\Game\BaiJiaLe\DataMgr\GameRecordMgr.h">
      <Filter>src\Game\BaiJiaLe\DataMgr</Filter>
    </ClInclude>
    <ClInclude Include="..\Classes\Game\BaiJiaLe\GameSceneUI\AntiCheatLayer.h">
      <Filter>src\Game\BaiJiaLe\GameSceneUI</Filter>
    </ClInclude>
    <ClInclude Include="..\Classes\Game\BaiJiaLe\GameSceneUI\BankerNode.h">
      <Filter>src\Game\BaiJiaLe\GameSceneUI</Filter>
    </ClInclude>
    <ClInclude Include="..\Classes\Game\BaiJiaLe\GameSceneUI\GameCardLayer.h">
      <Filter>src\Game\BaiJiaLe\GameSceneUI</Filter>
    </ClInclude>
    <ClInclude Include="..\Classes\Game\BaiJiaLe\GameSceneUI\GameClockNode.h">
      <Filter>src\Game\BaiJiaLe\GameSceneUI</Filter>
    </ClInclude>
    <ClInclude Include="..\Classes\Game\BaiJiaLe\GameSceneUI\GameEffectLayer.h">
      <Filter>src\Game\BaiJiaLe\GameSceneUI</Filter>
    </ClInclude>
    <ClInclude Include="..\Classes\Game\BaiJiaLe\GameSceneUI\GameJettonNode.h">
      <Filter>src\Game\BaiJiaLe\GameSceneUI</Filter>
    </ClInclude>
    <ClInclude Include="..\Classes\Game\BaiJiaLe\GameSceneUI\GameLayer.h">
      <Filter>src\Game\BaiJiaLe\GameSceneUI</Filter>
    </ClInclude>
    <ClInclude Include="..\Classes\Game\BaiJiaLe\GameSceneUI\GameResultLayer.h">
      <Filter>src\Game\BaiJiaLe\GameSceneUI</Filter>
    </ClInclude>
    <ClInclude Include="..\Classes\Game\BaiJiaLe\GameSceneUI\GameRoleInfoLayer.h">
      <Filter>src\Game\BaiJiaLe\GameSceneUI</Filter>
    </ClInclude>
    <ClInclude Include="..\Classes\Game\BaiJiaLe\GameSceneUI\GameRoleNode.h">
      <Filter>src\Game\BaiJiaLe\GameSceneUI</Filter>
    </ClInclude>
    <ClInclude Include="..\Classes\Game\BaiJiaLe\GameSceneUI\WallBill\SimpleWallBillLayer.h">
      <Filter>src\Game\BaiJiaLe\GameSceneUI\WallBill</Filter>
    </ClInclude>
    <ClInclude Include="..\Classes\Game\BaiJiaLe\GameSceneUI\WallBill\WallBillLayer.h">
      <Filter>src\Game\BaiJiaLe\GameSceneUI\WallBill</Filter>
    </ClInclude>
    <ClInclude Include="..\Classes\Game\BaiJiaLe\GameSceneUI\GameCard\CardSprite.h">
      <Filter>src\Game\BaiJiaLe\GameSceneUI\GameCard</Filter>
    </ClInclude>
    <ClInclude Include="..\Classes\Game\BaiJiaLe\GameSceneUI\GameCard\CardsNode.h">
      <Filter>src\Game\BaiJiaLe\GameSceneUI\GameCard</Filter>
    </ClInclude>
    <ClInclude Include="..\Classes\Game\BaiJiaLe\GameSceneUI\Chat\ChatTableView.h">
      <Filter>src\Game\BaiJiaLe\GameSceneUI\Chat</Filter>
    </ClInclude>
    <ClInclude Include="..\Classes\Game\BaiJiaLe\GameSceneUI\Chat\GameChatLayer.h">
      <Filter>src\Game\BaiJiaLe\GameSceneUI\Chat</Filter>
    </ClInclude>
    <ClInclude Include="..\Classes\Game\BaiJiaLe\GameSceneUI\Chat\BrowPanel.h">
      <Filter>src\Game\BaiJiaLe\GameSceneUI\Chat</Filter>
    </ClInclude>
    <ClInclude Include="..\Classes\Game\BaiJiaLe\GameSceneUI\Chat\ChatItem.h">
      <Filter>src\Game\BaiJiaLe\GameSceneUI\Chat</Filter>
    </ClInclude>
    <ClInclude Include="..\Classes\Game\BaiJiaLe\GameSceneUI\Apply\ApplyItemNode.h">
      <Filter>src\Game\BaiJiaLe\GameSceneUI\Apply</Filter>
    </ClInclude>
    <ClInclude Include="..\Classes\Game\BaiJiaLe\GameSceneUI\Apply\ApplyListLayer.h">
      <Filter>src\Game\BaiJiaLe\GameSceneUI\Apply</Filter>
    </ClInclude>
    <ClInclude Include="..\Classes\Game\BaiJiaLe\Header\BaiJiaLeLogicDefine.h">
      <Filter>src\Game\BaiJiaLe\Header</Filter>
    </ClInclude>
    <ClInclude Include="..\Classes\Game\BaiJiaLe\Header\BaiJiaLeScene.h">
      <Filter>src\Game\BaiJiaLe\Header</Filter>
    </ClInclude>
    <ClInclude Include="..\Classes\Game\BaiJiaLe\Header\CMD_Game.h">
      <Filter>src\Game\BaiJiaLe\Header</Filter>
    </ClInclude>
    <ClInclude Include="..\Classes\Game\BaiJiaLe\PlazaSceneUI\TablePageItem.h">
      <Filter>src\Game\BaiJiaLe\PlazaSceneUI</Filter>
    </ClInclude>
    <ClInclude Include="..\Classes\Game\BaiJiaLe\PlazaSceneUI\PasswdLayer.h">
      <Filter>src\Game\BaiJiaLe\PlazaSceneUI</Filter>
    </ClInclude>
    <ClInclude Include="..\Classes\Game\BaiJiaLe\PlazaSceneUI\PlazaLayer.h">
      <Filter>src\Game\BaiJiaLe\PlazaSceneUI</Filter>
    </ClInclude>
    <ClInclude Include="..\Classes\Game\BaiJiaLe\PlazaSceneUI\RoomItemView.h">
      <Filter>src\Game\BaiJiaLe\PlazaSceneUI</Filter>
    </ClInclude>
    <ClInclude Include="..\Classes\Game\BaiJiaLe\PlazaSceneUI\RoomListLayer.h">
      <Filter>src\Game\BaiJiaLe\PlazaSceneUI</Filter>
    </ClInclude>
    <ClInclude Include="..\Classes\Game\BaiJiaLe\PlazaSceneUI\TableItemView.h">
      <Filter>src\Game\BaiJiaLe\PlazaSceneUI</Filter>
    </ClInclude>
    <ClInclude Include="..\Classes\Game\BaiJiaLe\PlazaSceneUI\TableListLayer.h">
      <Filter>src\Game\BaiJiaLe\PlazaSceneUI</Filter>
    </ClInclude>
    <ClInclude Include="..\Classes\Game\BaiRenNiuNiu\Game\brnn_GameLayer.h">
      <Filter>src\Game\BaiRenNiuNiu\Game</Filter>
    </ClInclude>
    <ClInclude Include="..\Classes\Game\BaiRenNiuNiu\Game\GameLogic.h">
      <Filter>src\Game\BaiRenNiuNiu\Game</Filter>
    </ClInclude>
    <ClInclude Include="..\Classes\Game\BaiRenNiuNiu\Game\NameLabel.h">
      <Filter>src\Game\BaiRenNiuNiu\Game</Filter>
    </ClInclude>
    <ClInclude Include="..\Classes\Game\BaiRenNiuNiu\Header\BRNNScene.h">
      <Filter>src\Game\BaiRenNiuNiu\Header</Filter>
    </ClInclude>
    <ClInclude Include="..\Classes\Game\BaiRenNiuNiu\Header\cmd_game.h">
      <Filter>src\Game\BaiRenNiuNiu\Header</Filter>
    </ClInclude>
    <ClInclude Include="..\Classes\Game\BaiRenNiuNiu\Room\BankLayer.h">
      <Filter>src\Game\BaiRenNiuNiu\Room</Filter>
    </ClInclude>
    <ClInclude Include="..\Classes\Game\BaiRenNiuNiu\Room\brnn_RoomLayer.h">
      <Filter>src\Game\BaiRenNiuNiu\Room</Filter>
    </ClInclude>
    <ClInclude Include="..\Classes\Game\BaiRenNiuNiu\Room\SettingLayer.h">
      <Filter>src\Game\BaiRenNiuNiu\Room</Filter>
    </ClInclude>
    <ClInclude Include="..\Classes\Game\lkpy\Game\Bullet.h">
      <Filter>src\Game\lkpy\Game</Filter>
    </ClInclude>
    <ClInclude Include="..\Classes\Game\lkpy\Game\Cannon.h">
      <Filter>src\Game\lkpy\Game</Filter>
    </ClInclude>
    <ClInclude Include="..\Classes\Game\lkpy\Game\CannonLayer.h">
      <Filter>src\Game\lkpy\Game</Filter>
    </ClInclude>
    <ClInclude Include="..\Classes\Game\lkpy\Game\CoinMove.h">
      <Filter>src\Game\lkpy\Game</Filter>
    </ClInclude>
    <ClInclude Include="..\Classes\Game\lkpy\Game\Fish.h">
      <Filter>src\Game\lkpy\Game</Filter>
    </ClInclude>
    <ClInclude Include="..\Classes\Game\lkpy\Game\GameBankLayer.h">
      <Filter>src\Game\lkpy\Game</Filter>
    </ClInclude>
    <ClInclude Include="..\Classes\Game\lkpy\Game\GameClearLayer.h">
      <Filter>src\Game\lkpy\Game</Filter>
    </ClInclude>
    <ClInclude Include="..\Classes\Game\lkpy\Game\GameHelpLayer.h">
      <Filter>src\Game\lkpy\Game</Filter>
    </ClInclude>
    <ClInclude Include="..\Classes\Game\lkpy\Game\GameLayer.h">
      <Filter>src\Game\lkpy\Game</Filter>
    </ClInclude>
    <ClInclude Include="..\Classes\Game\lkpy\Game\GameLodingLayer.h">
      <Filter>src\Game\lkpy\Game</Filter>
    </ClInclude>
    <ClInclude Include="..\Classes\Game\lkpy\Game\GameMessage.h">
      <Filter>src\Game\lkpy\Game</Filter>
    </ClInclude>
    <ClInclude Include="..\Classes\Game\lkpy\Game\GameSettingLayer.h">
      <Filter>src\Game\lkpy\Game</Filter>
    </ClInclude>
    <ClInclude Include="..\Classes\Game\lkpy\Game\lkpy_GameDataMgr.h">
      <Filter>src\Game\lkpy\Game</Filter>
    </ClInclude>
    <ClInclude Include="..\Classes\Game\lkpy\Game\lkpy_GameDefine.h">
      <Filter>src\Game\lkpy\Game</Filter>
    </ClInclude>
    <ClInclude Include="..\Classes\Game\lkpy\Game\RotateWithAction.h">
      <Filter>src\Game\lkpy\Game</Filter>
    </ClInclude>
    <ClInclude Include="..\Classes\Game\lkpy\Header\LkpyScene.h">
      <Filter>src\Game\lkpy\Header</Filter>
    </ClInclude>
    <ClInclude Include="..\Classes\Game\lkpy\Header\lkpy_cmd_game.h">
      <Filter>src\Game\lkpy\Header</Filter>
    </ClInclude>
    <ClInclude Include="..\Classes\Game\lkpy\Header\lkpy_CMD_NotifyDefine.h">
      <Filter>src\Game\lkpy\Header</Filter>
    </ClInclude>
    <ClInclude Include="..\Classes\Game\lkpy\Public\CircleBy.h">
      <Filter>src\Game\lkpy\Public</Filter>
    </ClInclude>
    <ClInclude Include="..\Classes\Game\lkpy\Public\lkpy_Help.h">
      <Filter>src\Game\lkpy\Public</Filter>
    </ClInclude>
    <ClInclude Include="..\Classes\Game\lkpy\Room\DeskCell.h">
      <Filter>src\Game\lkpy\Room</Filter>
    </ClInclude>
    <ClInclude Include="..\Classes\Game\lkpy\Room\DeskLayer.h">
      <Filter>src\Game\lkpy\Room</Filter>
    </ClInclude>
    <ClInclude Include="..\Classes\Game\lkpy\Room\RoomLayer.h">
      <Filter>src\Game\lkpy\Room</Filter>
    </ClInclude>
    <ClInclude Include="..\Classes\Game\NiuNiu\nn_GameScene.h">
      <Filter>src\Game\NiuNiu</Filter>
    </ClInclude>
    <ClInclude Include="..\Classes\Game\NiuNiu\nn_HelpLayer.h">
      <Filter>src\Game\NiuNiu</Filter>
    </ClInclude>
    <ClInclude Include="..\Classes\Game\NiuNiu\nn_PlazaScene.h">
      <Filter>src\Game\NiuNiu</Filter>
    </ClInclude>
    <ClInclude Include="..\Classes\Game\NiuNiu\nn_SettingLayer.h">
      <Filter>src\Game\NiuNiu</Filter>
    </ClInclude>
    <ClInclude Include="..\Classes\Game\NiuNiu\nn_TempGameScene.h">
      <Filter>src\Game\NiuNiu</Filter>
    </ClInclude>
    <ClInclude Include="..\Classes\Game\NiuNiu\DataMgr\GameLogic.h">
      <Filter>src\Game\NiuNiu\DataMgr</Filter>
    </ClInclude>
    <ClInclude Include="..\Classes\Game\NiuNiu\GameSceneUI\Chat\BrowPanel.h">
      <Filter>src\Game\NiuNiu\GameSceneUI\Chat</Filter>
    </ClInclude>
    <ClInclude Include="..\Classes\Game\NiuNiu\GameSceneUI\Chat\ChatItem.h">
      <Filter>src\Game\NiuNiu\GameSceneUI\Chat</Filter>
    </ClInclude>
    <ClInclude Include="..\Classes\Game\NiuNiu\GameSceneUI\Chat\ChatTableView.h">
      <Filter>src\Game\NiuNiu\GameSceneUI\Chat</Filter>
    </ClInclude>
    <ClInclude Include="..\Classes\Game\NiuNiu\GameSceneUI\Chat\GameChatLayer.h">
      <Filter>src\Game\NiuNiu\GameSceneUI\Chat</Filter>
    </ClInclude>
    <ClInclude Include="..\Classes\Game\NiuNiu\GameSceneUI\GameCard\CardsNode.h">
      <Filter>src\Game\NiuNiu\GameSceneUI\GameCard</Filter>
    </ClInclude>
    <ClInclude Include="..\Classes\Game\NiuNiu\GameSceneUI\GameCard\CardSprite.h">
      <Filter>src\Game\NiuNiu\GameSceneUI\GameCard</Filter>
    </ClInclude>
    <ClInclude Include="..\Classes\Game\NiuNiu\GameSceneUI\AntiCheatLayer.h">
      <Filter>src\Game\NiuNiu\GameSceneUI</Filter>
    </ClInclude>
    <ClInclude Include="..\Classes\Game\NiuNiu\GameSceneUI\CalculateNiuItem.h">
      <Filter>src\Game\NiuNiu\GameSceneUI</Filter>
    </ClInclude>
    <ClInclude Include="..\Classes\Game\NiuNiu\GameSceneUI\GameClockNode.h">
      <Filter>src\Game\NiuNiu\GameSceneUI</Filter>
    </ClInclude>
    <ClInclude Include="..\Classes\Game\NiuNiu\GameSceneUI\GameEffectLayer.h">
      <Filter>src\Game\NiuNiu\GameSceneUI</Filter>
    </ClInclude>
    <ClInclude Include="..\Classes\Game\NiuNiu\GameSceneUI\GameLayer.h">
      <Filter>src\Game\NiuNiu\GameSceneUI</Filter>
    </ClInclude>
    <ClInclude Include="..\Classes\Game\NiuNiu\GameSceneUI\GameRoleInfoLayer.h">
      <Filter>src\Game\NiuNiu\GameSceneUI</Filter>
    </ClInclude>
    <ClInclude Include="..\Classes\Game\NiuNiu\GameSceneUI\GameRoleNode.h">
      <Filter>src\Game\NiuNiu\GameSceneUI</Filter>
    </ClInclude>
    <ClInclude Include="..\Classes\Game\NiuNiu\GameSceneUI\NiuNiuNode.h">
      <Filter>src\Game\NiuNiu\GameSceneUI</Filter>
    </ClInclude>
    <ClInclude Include="..\Classes\Game\NiuNiu\Header\CMD_Game.h">
      <Filter>src\Game\NiuNiu\Header</Filter>
    </ClInclude>
    <ClInclude Include="..\Classes\Game\NiuNiu\Header\NiuNiuLogicDefine.h">
      <Filter>src\Game\NiuNiu\Header</Filter>
    </ClInclude>
    <ClInclude Include="..\Classes\Game\NiuNiu\Header\NiuNiuScene.h">
      <Filter>src\Game\NiuNiu\Header</Filter>
    </ClInclude>
    <ClInclude Include="..\Classes\Game\NiuNiu\PlazaSceneUI\RoomItemView.h">
      <Filter>src\Game\NiuNiu\PlazaSceneUI</Filter>
    </ClInclude>
    <ClInclude Include="..\Classes\Game\NiuNiu\PlazaSceneUI\RoomListLayer.h">
      <Filter>src\Game\NiuNiu\PlazaSceneUI</Filter>
    </ClInclude>
    <ClInclude Include="..\Classes\Game\NiuNiu\PlazaSceneUI\TableItemView.h">
      <Filter>src\Game\NiuNiu\PlazaSceneUI</Filter>
    </ClInclude>
    <ClInclude Include="..\Classes\Game\NiuNiu\PlazaSceneUI\TableListLayer.h">
      <Filter>src\Game\NiuNiu\PlazaSceneUI</Filter>
    </ClInclude>
    <ClInclude Include="..\Classes\Game\NiuNiu\PlazaSceneUI\TablePageItem.h">
      <Filter>src\Game\NiuNiu\PlazaSceneUI</Filter>
    </ClInclude>
    <ClInclude Include="..\Classes\Game\NiuNiu\PlazaSceneUI\PasswdLayer.h">
      <Filter>src\Game\NiuNiu\PlazaSceneUI</Filter>
    </ClInclude>
    <ClInclude Include="..\Classes\Game\NiuNiu\PlazaSceneUI\PlazaLayer.h">
      <Filter>src\Game\NiuNiu\PlazaSceneUI</Filter>
    </ClInclude>
  </ItemGroup>
  <ItemGroup>
    <Filter Include="resource">
      <UniqueIdentifier>{7b13da77-e2f9-4ec4-a378-6e026a329653}</UniqueIdentifier>
    </Filter>
    <Filter Include="src">
      <UniqueIdentifier>{4eaf229b-4e58-4146-8c21-922a8c2173cf}</UniqueIdentifier>
    </Filter>
    <Filter Include="win32">
      <UniqueIdentifier>{50eadec8-f6ac-494c-a84a-fe2e4b32e53c}</UniqueIdentifier>
    </Filter>
    <Filter Include="src\Plaza">
      <UniqueIdentifier>{6fceacb7-2f0a-4646-95de-cf43faa22da5}</UniqueIdentifier>
    </Filter>
    <Filter Include="src\Plaza\Plaza">
      <UniqueIdentifier>{a684b068-068e-4907-b16c-88a0c6d4c9f2}</UniqueIdentifier>
    </Filter>
    <Filter Include="src\Scene">
      <UniqueIdentifier>{454078c2-1b4e-479d-a7e2-372d1718ca39}</UniqueIdentifier>
    </Filter>
    <Filter Include="src\Pattern">
      <UniqueIdentifier>{b0e0cbd7-553f-4c92-a8d1-e8c5e76bffea}</UniqueIdentifier>
    </Filter>
    <Filter Include="src\Utils">
      <UniqueIdentifier>{4fc35720-5b82-4531-911f-39d6880b51ee}</UniqueIdentifier>
    </Filter>
    <Filter Include="src\DataMgr">
      <UniqueIdentifier>{dfb6e594-5f88-4036-91bb-2fbcbfd808f5}</UniqueIdentifier>
    </Filter>
    <Filter Include="src\Public">
      <UniqueIdentifier>{5226c435-29c2-4469-b86c-175e81b696b9}</UniqueIdentifier>
    </Filter>
    <Filter Include="src\Socket">
      <UniqueIdentifier>{a8c1c30d-77e0-4637-a3f6-4bd0b3558772}</UniqueIdentifier>
    </Filter>
    <Filter Include="src\Scene\AnimationMgr">
      <UniqueIdentifier>{bd8346c9-64d6-440a-8c5a-2fa269fa8a34}</UniqueIdentifier>
    </Filter>
    <Filter Include="src\Scene\SceneMgr">
      <UniqueIdentifier>{37e33de5-d32d-433d-a072-eb12f3846de9}</UniqueIdentifier>
    </Filter>
    <Filter Include="src\Plaza\Shop">
      <UniqueIdentifier>{5405dee9-4d96-4b8b-9721-655f90787e71}</UniqueIdentifier>
    </Filter>
    <Filter Include="src\Plaza\Bank">
      <UniqueIdentifier>{c5ff9767-d5bb-4f65-bc07-4dff52af0dd8}</UniqueIdentifier>
    </Filter>
    <Filter Include="src\Plaza\Loading">
      <UniqueIdentifier>{d3b37ff7-cfcb-40bc-b228-89f06a27cd43}</UniqueIdentifier>
    </Filter>
    <Filter Include="src\Plaza\Notice">
      <UniqueIdentifier>{148cd40e-6a15-4b66-a1fd-f5b8da3e0436}</UniqueIdentifier>
    </Filter>
    <Filter Include="src\Plaza\Task">
      <UniqueIdentifier>{acd98811-a1f9-49e7-a785-ff65c3d7fe25}</UniqueIdentifier>
    </Filter>
    <Filter Include="src\Plaza\Rank">
      <UniqueIdentifier>{6cd75094-a9db-4d42-8486-222d0be094d8}</UniqueIdentifier>
    </Filter>
    <Filter Include="src\Plaza\Regist">
      <UniqueIdentifier>{5622f79f-bbc5-42db-a06f-2168b53bc77a}</UniqueIdentifier>
    </Filter>
    <Filter Include="src\Plaza\Reward">
      <UniqueIdentifier>{7489ddf7-67c6-4f0c-8858-626f8a5610da}</UniqueIdentifier>
    </Filter>
    <Filter Include="src\Plaza\Setting">
      <UniqueIdentifier>{b4ad8d30-cf03-47e8-b8ed-49f3a6eaa356}</UniqueIdentifier>
    </Filter>
    <Filter Include="src\Plaza\Personal">
      <UniqueIdentifier>{01fff439-19cb-4739-b683-79ee2a09da2d}</UniqueIdentifier>
    </Filter>
    <Filter Include="src\LibExt">
      <UniqueIdentifier>{6e925b70-d9fc-470f-97c1-cd38e394c4eb}</UniqueIdentifier>
    </Filter>
    <Filter Include="src\DownloadMgr">
      <UniqueIdentifier>{235434a0-7f95-4ad2-afbe-0a092dfbfa72}</UniqueIdentifier>
    </Filter>
    <Filter Include="src\Common">
      <UniqueIdentifier>{a986279e-a597-43ee-b0df-9204c81bc148}</UniqueIdentifier>
    </Filter>
    <Filter Include="src\MultiPlatform">
      <UniqueIdentifier>{8d7d08f0-4faf-4018-bf27-4fb41d683ea7}</UniqueIdentifier>
    </Filter>
    <Filter Include="src\MultiPlatform\android">
      <UniqueIdentifier>{7aa34587-96d5-4001-bf18-e7267f595d82}</UniqueIdentifier>
    </Filter>
    <Filter Include="src\MultiPlatform\ios">
      <UniqueIdentifier>{ca95c8e5-28d9-4ec9-8252-0c55fecceef3}</UniqueIdentifier>
    </Filter>
    <Filter Include="src\Utils\MD5">
      <UniqueIdentifier>{e828bd9b-3eb9-4987-ae5f-a0773bdbe920}</UniqueIdentifier>
    </Filter>
    <Filter Include="src\Utils\Gif">
      <UniqueIdentifier>{e041b105-c2da-4304-9101-cf8de617b548}</UniqueIdentifier>
    </Filter>
    <Filter Include="src\Game">
      <UniqueIdentifier>{cd0d7fa7-7b7f-445d-9330-83d33f4d84db}</UniqueIdentifier>
    </Filter>
    <Filter Include="src\Game\BaiJiaLe">
      <UniqueIdentifier>{1ce28169-4f60-4d16-ba22-bab8b5795375}</UniqueIdentifier>
    </Filter>
    <Filter Include="src\Game\BaiJiaLe\BankSceneUI">
      <UniqueIdentifier>{35a2cd08-bf8e-4404-95ec-875e1fcdbbfc}</UniqueIdentifier>
    </Filter>
    <Filter Include="src\Game\BaiJiaLe\DataMgr">
      <UniqueIdentifier>{35d4c450-8018-41d9-8f32-b46dd84bc8ad}</UniqueIdentifier>
    </Filter>
    <Filter Include="src\Game\BaiJiaLe\GameSceneUI">
      <UniqueIdentifier>{e0cf421c-a0fd-4260-842c-4aac2a3ad4a9}</UniqueIdentifier>
    </Filter>
    <Filter Include="src\Game\BaiJiaLe\GameSceneUI\Apply">
      <UniqueIdentifier>{e052fa58-f752-4806-acf0-e4b0b3f2fbc1}</UniqueIdentifier>
    </Filter>
    <Filter Include="src\Game\BaiJiaLe\GameSceneUI\Chat">
      <UniqueIdentifier>{12b09834-632f-4b35-9e3e-540e1b8b92f1}</UniqueIdentifier>
    </Filter>
    <Filter Include="src\Game\BaiJiaLe\GameSceneUI\GameCard">
      <UniqueIdentifier>{bf39486d-49d9-46c0-9c9b-2b60075d3f17}</UniqueIdentifier>
    </Filter>
    <Filter Include="src\Game\BaiJiaLe\GameSceneUI\WallBill">
      <UniqueIdentifier>{fed7608e-3041-411a-94d7-a46428d20917}</UniqueIdentifier>
    </Filter>
    <Filter Include="src\Game\BaiJiaLe\Header">
      <UniqueIdentifier>{aba34b49-18bf-444c-b33a-3c0bdd3da171}</UniqueIdentifier>
    </Filter>
    <Filter Include="src\Game\BaiJiaLe\PlazaSceneUI">
      <UniqueIdentifier>{43f14a7c-25e8-43cd-b1cb-455268c75430}</UniqueIdentifier>
    </Filter>
    <Filter Include="src\Game\BaiRenNiuNiu">
      <UniqueIdentifier>{e18a67ec-9c52-4cbd-aa25-071e2f261a1b}</UniqueIdentifier>
    </Filter>
    <Filter Include="src\Game\BaiRenNiuNiu\Game">
      <UniqueIdentifier>{37e77bef-c745-4040-b017-a8399e7adec4}</UniqueIdentifier>
    </Filter>
    <Filter Include="src\Game\BaiRenNiuNiu\Header">
      <UniqueIdentifier>{75754d15-76f4-4aa4-a937-8449163e3818}</UniqueIdentifier>
    </Filter>
    <Filter Include="src\Game\BaiRenNiuNiu\Room">
      <UniqueIdentifier>{652d6118-31bd-4364-90a5-4e598a8b2258}</UniqueIdentifier>
    </Filter>
    <Filter Include="src\Game\lkpy">
      <UniqueIdentifier>{56ba71dc-cfc8-4453-b8b1-cd5b1c8d36e1}</UniqueIdentifier>
    </Filter>
    <Filter Include="src\Game\lkpy\Game">
      <UniqueIdentifier>{293e651b-677d-4435-bb02-0860a6711d2d}</UniqueIdentifier>
    </Filter>
    <Filter Include="src\Game\lkpy\Header">
      <UniqueIdentifier>{ac346d52-9bb4-4fd4-9142-0bc109faea83}</UniqueIdentifier>
    </Filter>
    <Filter Include="src\Game\lkpy\Public">
      <UniqueIdentifier>{1f4dbcd4-23f4-43e8-a8fe-3a1bd8368318}</UniqueIdentifier>
    </Filter>
    <Filter Include="src\Game\lkpy\Room">
      <UniqueIdentifier>{efa3beb9-1130-4bf8-aaad-949a54ef0c5b}</UniqueIdentifier>
    </Filter>
    <Filter Include="src\Game\NiuNiu">
      <UniqueIdentifier>{a2e46b7e-57c4-4cdf-888e-5e09e46e1e35}</UniqueIdentifier>
    </Filter>
    <Filter Include="src\Game\NiuNiu\DataMgr">
      <UniqueIdentifier>{8d43c96c-9312-4411-99c3-f565865d7cde}</UniqueIdentifier>
    </Filter>
    <Filter Include="src\Game\NiuNiu\GameSceneUI">
      <UniqueIdentifier>{89f1bd4a-b791-4cd4-85aa-de038f8b0dc5}</UniqueIdentifier>
    </Filter>
    <Filter Include="src\Game\NiuNiu\GameSceneUI\Chat">
      <UniqueIdentifier>{e0a4dc70-514e-4a4f-92d7-9d94120b7503}</UniqueIdentifier>
    </Filter>
    <Filter Include="src\Game\NiuNiu\GameSceneUI\GameCard">
      <UniqueIdentifier>{a3635f36-d554-458c-b0c9-30562b434f0b}</UniqueIdentifier>
    </Filter>
    <Filter Include="src\Game\NiuNiu\Header">
      <UniqueIdentifier>{e96f5e9c-be58-4a34-abcd-a4d9ceb8c58e}</UniqueIdentifier>
    </Filter>
    <Filter Include="src\Game\NiuNiu\PlazaSceneUI">
      <UniqueIdentifier>{df8990ec-3a6d-4c05-867c-2972f3d3cdb6}</UniqueIdentifier>
    </Filter>
  </ItemGroup>
  <ItemGroup>
    <ResourceCompile Include="game.rc">
      <Filter>resource</Filter>
    </ResourceCompile>
  </ItemGroup>
  <ItemGroup>
    <None Include="..\Classes\Plaza\Setting\SettingScene.mm">
      <Filter>src\Plaza\Setting</Filter>
    </None>
    <None Include="..\Classes\Plaza\Personal\PhotoBridge.mm">
      <Filter>src\Plaza\Personal</Filter>
    </None>
    <None Include="..\Classes\Public\Help.mm">
      <Filter>src\Public</Filter>
    </None>
  </ItemGroup>
</Project>